Microsoft Visual Studio Solution File, Format Version 12.00
# Visual Studio Version 17
VisualStudioVersion = 17.5.2.0
MinimumVisualStudioVersion = 10.0.40219.1
Project("{FAE04EC0-301F-11D3-BF4B-00C04F79EFBC}") = "Notification.Service", "Notification.Service.csproj", "{8FB1A0BA-BD6D-24D9-7DFE-7A210413CBBB}"
EndProject
Global
	GlobalSection(SolutionConfigurationPlatforms) = preSolution
		Debug|Any CPU = Debug|Any CPU
		Release|Any CPU = Release|Any CPU
	EndGlobalSection
	GlobalSection(ProjectConfigurationPlatforms) = postSolution
		{8FB1A0BA-BD6D-24D9-7DFE-7A210413CBBB}.Debug|Any CPU.ActiveCfg = Debug|Any CPU
		{8FB1A0BA-BD6D-24D9-7DFE-7A210413CBBB}.Debug|Any CPU.Build.0 = Debug|Any CPU
		{8FB1A0BA-BD6D-24D9-7DFE-7A210413CBBB}.Release|Any CPU.ActiveCfg = Release|Any CPU
		{8FB1A0BA-BD6D-24D9-7DFE-7A210413CBBB}.Release|Any CPU.Build.0 = Release|Any CPU
	EndGlobalSection
	GlobalSection(SolutionProperties) = preSolution
		HideSolutionNode = FALSE
	EndGlobalSection
	GlobalSection(ExtensibilityGlobals) = postSolution
		SolutionGuid = {7AB1FA74-4E21-443A-9EA8-3A6EBC11711D}
	EndGlobalSection
EndGlobal
