Microsoft Visual Studio Solution File, Format Version 12.00
# Visual Studio Version 17
VisualStudioVersion = 17.5.2.0
MinimumVisualStudioVersion = 10.0.40219.1
Project("{FAE04EC0-301F-11D3-BF4B-00C04F79EFBC}") = "Auth.API.Test", "Auth.API.Test.csproj", "{994C59E7-7B03-8D3A-FDE2-5241CD05C967}"
EndProject
Global
	GlobalSection(SolutionConfigurationPlatforms) = preSolution
		Debug|Any CPU = Debug|Any CPU
		Release|Any CPU = Release|Any CPU
	EndGlobalSection
	GlobalSection(ProjectConfigurationPlatforms) = postSolution
		{994C59E7-7B03-8D3A-FDE2-5241CD05C967}.Debug|Any CPU.ActiveCfg = Debug|Any CPU
		{994C59E7-7B03-8D3A-FDE2-5241CD05C967}.Debug|Any CPU.Build.0 = Debug|Any CPU
		{994C59E7-7B03-8D3A-FDE2-5241CD05C967}.Release|Any CPU.ActiveCfg = Release|Any CPU
		{994C59E7-7B03-8D3A-FDE2-5241CD05C967}.Release|Any CPU.Build.0 = Release|Any CPU
	EndGlobalSection
	GlobalSection(SolutionProperties) = preSolution
		HideSolutionNode = FALSE
	EndGlobalSection
	GlobalSection(ExtensibilityGlobals) = postSolution
		SolutionGuid = {9A86BCE9-453F-49CD-B3B7-78DE9FF58714}
	EndGlobalSection
EndGlobal
